
Microsoft Visual Studio Solution File, Format Version 12.00
# Visual Studio 15
VisualStudioVersion = 15.0.28307.168
MinimumVisualStudioVersion = 10.0.40219.1
Project("{FAE04EC0-301F-11D3-BF4B-00C04F79EFBC}") = "Client", "Client\Client.csproj", "{45DDDA8D-5070-49F5-B0B4-234062B3D373}"
EndProject
Project("{2150E333-8FDC-42A3-9474-1A3956D46DE8}") = "Service", "Service", "{B80E1884-6B43-4DC1-8354-D9733BD41096}"
EndProject
Project("{FAE04EC0-301F-11D3-BF4B-00C04F79EFBC}") = "ERP.Framework.IService", "ERP.Framework.IService\ERP.Framework.IService.csproj", "{0A244D97-4A7F-4434-A651-0840610FFDF3}"
EndProject
Project("{FAE04EC0-301F-11D3-BF4B-00C04F79EFBC}") = "ERP.Framework.Service", "ERP.Framework.Service\ERP.Framework.Service.csproj", "{E0E6AB20-B501-4CA8-ABD5-2665E429D03F}"
EndProject
Project("{2150E333-8FDC-42A3-9474-1A3956D46DE8}") = "Repository", "Repository", "{81F959EC-CE56-4EC9-A0E3-599502A55F25}"
EndProject
Project("{FAE04EC0-301F-11D3-BF4B-00C04F79EFBC}") = "ERP.Framework.IRepository", "ERP.Framework.IRepository\ERP.Framework.IRepository.csproj", "{6C492E49-AA0E-412A-AC31-25D7678880FD}"
EndProject
Project("{FAE04EC0-301F-11D3-BF4B-00C04F79EFBC}") = "ERP.Framework.Repository.SqlServer", "ERP.Framework.Repository.SqlServer\ERP.Framework.Repository.SqlServer.csproj", "{DF687E86-3E26-4F87-83A9-EDE5CA3C3606}"
EndProject
Project("{FAE04EC0-301F-11D3-BF4B-00C04F79EFBC}") = "ERP.Framework.Entity", "ERP.Framework.Data\ERP.Framework.Entity.csproj", "{8FA00260-66BF-4A28-90EE-E8527D537E0E}"
EndProject
Project("{2150E333-8FDC-42A3-9474-1A3956D46DE8}") = "Data", "Data", "{191E3FB4-9B74-4120-9FD1-3F61B986D9C6}"
EndProject
Project("{2150E333-8FDC-42A3-9474-1A3956D46DE8}") = "APP", "APP", "{AE44979A-9393-47E4-91B4-1B2076AC738A}"
EndProject
Project("{FAE04EC0-301F-11D3-BF4B-00C04F79EFBC}") = "ERP.Framework.ViewModel", "ERP.Framework.ViewModel\ERP.Framework.ViewModel.csproj", "{CB9DB0E7-A6DC-4A53-83CF-DFA4B4664B94}"
EndProject
Project("{2150E333-8FDC-42A3-9474-1A3956D46DE8}") = "Common", "Common", "{65B18DBA-CA8B-46E0-A741-718A5F7D1ED1}"
EndProject
Project("{FAE04EC0-301F-11D3-BF4B-00C04F79EFBC}") = "ERP.Framework.Core", "ERP.Framework.Core\ERP.Framework.Core.csproj", "{1CC21A73-D934-430B-A8EA-32885A507992}"
EndProject
Project("{FAE04EC0-301F-11D3-BF4B-00C04F79EFBC}") = "ERP.Framework.Common", "ERP.Framework.Common\ERP.Framework.Common.csproj", "{B94B4600-355C-42EA-B006-AA66D04011FD}"
EndProject
Project("{FAE04EC0-301F-11D3-BF4B-00C04F79EFBC}") = "ERP.Framework.Repository.SqlServer.Remote", "ERP.Framework.Repository.SqlServer.Remote\ERP.Framework.Repository.SqlServer.Remote.csproj", "{E2101477-CE4E-47D8-AD71-C3853F5FC460}"
EndProject
Global
	GlobalSection(SolutionConfigurationPlatforms) = preSolution
		Debug|Any CPU = Debug|Any CPU
		Release|Any CPU = Release|Any CPU
	EndGlobalSection
	GlobalSection(ProjectConfigurationPlatforms) = postSolution
		{45DDDA8D-5070-49F5-B0B4-234062B3D373}.Debug|Any CPU.ActiveCfg = Debug|Any CPU
		{45DDDA8D-5070-49F5-B0B4-234062B3D373}.Debug|Any CPU.Build.0 = Debug|Any CPU
		{45DDDA8D-5070-49F5-B0B4-234062B3D373}.Release|Any CPU.ActiveCfg = Release|Any CPU
		{45DDDA8D-5070-49F5-B0B4-234062B3D373}.Release|Any CPU.Build.0 = Release|Any CPU
		{0A244D97-4A7F-4434-A651-0840610FFDF3}.Debug|Any CPU.ActiveCfg = Debug|Any CPU
		{0A244D97-4A7F-4434-A651-0840610FFDF3}.Debug|Any CPU.Build.0 = Debug|Any CPU
		{0A244D97-4A7F-4434-A651-0840610FFDF3}.Release|Any CPU.ActiveCfg = Release|Any CPU
		{0A244D97-4A7F-4434-A651-0840610FFDF3}.Release|Any CPU.Build.0 = Release|Any CPU
		{E0E6AB20-B501-4CA8-ABD5-2665E429D03F}.Debug|Any CPU.ActiveCfg = Debug|Any CPU
		{E0E6AB20-B501-4CA8-ABD5-2665E429D03F}.Debug|Any CPU.Build.0 = Debug|Any CPU
		{E0E6AB20-B501-4CA8-ABD5-2665E429D03F}.Release|Any CPU.ActiveCfg = Release|Any CPU
		{E0E6AB20-B501-4CA8-ABD5-2665E429D03F}.Release|Any CPU.Build.0 = Release|Any CPU
		{6C492E49-AA0E-412A-AC31-25D7678880FD}.Debug|Any CPU.ActiveCfg = Debug|Any CPU
		{6C492E49-AA0E-412A-AC31-25D7678880FD}.Debug|Any CPU.Build.0 = Debug|Any CPU
		{6C492E49-AA0E-412A-AC31-25D7678880FD}.Release|Any CPU.ActiveCfg = Release|Any CPU
		{6C492E49-AA0E-412A-AC31-25D7678880FD}.Release|Any CPU.Build.0 = Release|Any CPU
		{DF687E86-3E26-4F87-83A9-EDE5CA3C3606}.Debug|Any CPU.ActiveCfg = Debug|Any CPU
		{DF687E86-3E26-4F87-83A9-EDE5CA3C3606}.Debug|Any CPU.Build.0 = Debug|Any CPU
		{DF687E86-3E26-4F87-83A9-EDE5CA3C3606}.Release|Any CPU.ActiveCfg = Release|Any CPU
		{DF687E86-3E26-4F87-83A9-EDE5CA3C3606}.Release|Any CPU.Build.0 = Release|Any CPU
		{8FA00260-66BF-4A28-90EE-E8527D537E0E}.Debug|Any CPU.ActiveCfg = Debug|Any CPU
		{8FA00260-66BF-4A28-90EE-E8527D537E0E}.Debug|Any CPU.Build.0 = Debug|Any CPU
		{8FA00260-66BF-4A28-90EE-E8527D537E0E}.Release|Any CPU.ActiveCfg = Release|Any CPU
		{8FA00260-66BF-4A28-90EE-E8527D537E0E}.Release|Any CPU.Build.0 = Release|Any CPU
		{CB9DB0E7-A6DC-4A53-83CF-DFA4B4664B94}.Debug|Any CPU.ActiveCfg = Debug|Any CPU
		{CB9DB0E7-A6DC-4A53-83CF-DFA4B4664B94}.Debug|Any CPU.Build.0 = Debug|Any CPU
		{CB9DB0E7-A6DC-4A53-83CF-DFA4B4664B94}.Release|Any CPU.ActiveCfg = Release|Any CPU
		{CB9DB0E7-A6DC-4A53-83CF-DFA4B4664B94}.Release|Any CPU.Build.0 = Release|Any CPU
		{1CC21A73-D934-430B-A8EA-32885A507992}.Debug|Any CPU.ActiveCfg = Debug|Any CPU
		{1CC21A73-D934-430B-A8EA-32885A507992}.Debug|Any CPU.Build.0 = Debug|Any CPU
		{1CC21A73-D934-430B-A8EA-32885A507992}.Release|Any CPU.ActiveCfg = Release|Any CPU
		{1CC21A73-D934-430B-A8EA-32885A507992}.Release|Any CPU.Build.0 = Release|Any CPU
		{B94B4600-355C-42EA-B006-AA66D04011FD}.Debug|Any CPU.ActiveCfg = Debug|Any CPU
		{B94B4600-355C-42EA-B006-AA66D04011FD}.Debug|Any CPU.Build.0 = Debug|Any CPU
		{B94B4600-355C-42EA-B006-AA66D04011FD}.Release|Any CPU.ActiveCfg = Release|Any CPU
		{B94B4600-355C-42EA-B006-AA66D04011FD}.Release|Any CPU.Build.0 = Release|Any CPU
		{E2101477-CE4E-47D8-AD71-C3853F5FC460}.Debug|Any CPU.ActiveCfg = Debug|Any CPU
		{E2101477-CE4E-47D8-AD71-C3853F5FC460}.Debug|Any CPU.Build.0 = Debug|Any CPU
		{E2101477-CE4E-47D8-AD71-C3853F5FC460}.Release|Any CPU.ActiveCfg = Release|Any CPU
		{E2101477-CE4E-47D8-AD71-C3853F5FC460}.Release|Any CPU.Build.0 = Release|Any CPU
	EndGlobalSection
	GlobalSection(SolutionProperties) = preSolution
		HideSolutionNode = FALSE
	EndGlobalSection
	GlobalSection(NestedProjects) = preSolution
		{45DDDA8D-5070-49F5-B0B4-234062B3D373} = {AE44979A-9393-47E4-91B4-1B2076AC738A}
		{0A244D97-4A7F-4434-A651-0840610FFDF3} = {B80E1884-6B43-4DC1-8354-D9733BD41096}
		{E0E6AB20-B501-4CA8-ABD5-2665E429D03F} = {B80E1884-6B43-4DC1-8354-D9733BD41096}
		{6C492E49-AA0E-412A-AC31-25D7678880FD} = {81F959EC-CE56-4EC9-A0E3-599502A55F25}
		{DF687E86-3E26-4F87-83A9-EDE5CA3C3606} = {81F959EC-CE56-4EC9-A0E3-599502A55F25}
		{8FA00260-66BF-4A28-90EE-E8527D537E0E} = {191E3FB4-9B74-4120-9FD1-3F61B986D9C6}
		{CB9DB0E7-A6DC-4A53-83CF-DFA4B4664B94} = {191E3FB4-9B74-4120-9FD1-3F61B986D9C6}
		{1CC21A73-D934-430B-A8EA-32885A507992} = {65B18DBA-CA8B-46E0-A741-718A5F7D1ED1}
		{B94B4600-355C-42EA-B006-AA66D04011FD} = {65B18DBA-CA8B-46E0-A741-718A5F7D1ED1}
		{E2101477-CE4E-47D8-AD71-C3853F5FC460} = {81F959EC-CE56-4EC9-A0E3-599502A55F25}
	EndGlobalSection
	GlobalSection(ExtensibilityGlobals) = postSolution
		SolutionGuid = {8B57FC7C-4EBD-4679-9715-B2E05A9F9E28}
	EndGlobalSection
EndGlobal
